
Microsoft Visual Studio Solution File, Format Version 12.00
# Visual Studio Version 16
VisualStudioVersion = 25.0.1703.3
MinimumVisualStudioVersion = 10.0.40219.1
Project("{FAE04EC0-301F-11D3-BF4B-00C04F79EFBC}") = "Task54", "Task54\Task54.csproj", "{A357C9A8-BF4D-4857-8618-98AE344116EB}"
EndProject
Project("{FAE04EC0-301F-11D3-BF4B-00C04F79EFBC}") = "Task55", "Task55\Task55.csproj", "{2141FDB2-E2FD-4B05-8939-DEE560B6A31A}"
EndProject
Global
	GlobalSection(SolutionConfigurationPlatforms) = preSolution
		Debug|Any CPU = Debug|Any CPU
		Release|Any CPU = Release|Any CPU
	EndGlobalSection
	GlobalSection(ProjectConfigurationPlatforms) = postSolution
		{A357C9A8-BF4D-4857-8618-98AE344116EB}.Debug|Any CPU.ActiveCfg = Debug|Any CPU
		{A357C9A8-BF4D-4857-8618-98AE344116EB}.Debug|Any CPU.Build.0 = Debug|Any CPU
		{A357C9A8-BF4D-4857-8618-98AE344116EB}.Release|Any CPU.ActiveCfg = Release|Any CPU
		{A357C9A8-BF4D-4857-8618-98AE344116EB}.Release|Any CPU.Build.0 = Release|Any CPU
		{2141FDB2-E2FD-4B05-8939-DEE560B6A31A}.Debug|Any CPU.ActiveCfg = Debug|Any CPU
		{2141FDB2-E2FD-4B05-8939-DEE560B6A31A}.Debug|Any CPU.Build.0 = Debug|Any CPU
		{2141FDB2-E2FD-4B05-8939-DEE560B6A31A}.Release|Any CPU.ActiveCfg = Release|Any CPU
		{2141FDB2-E2FD-4B05-8939-DEE560B6A31A}.Release|Any CPU.Build.0 = Release|Any CPU
	EndGlobalSection
	GlobalSection(SolutionProperties) = preSolution
		HideSolutionNode = FALSE
	EndGlobalSection
	GlobalSection(ExtensibilityGlobals) = postSolution
		SolutionGuid = {AD6E89D5-D366-40AB-8863-3E1274679E33}
	EndGlobalSection
EndGlobal
